
Microsoft Visual Studio Solution File, Format Version 12.00
# Visual Studio Version 17
VisualStudioVersion = 17.5.33627.172
MinimumVisualStudioVersion = 10.0.40219.1
Project("{FAE04EC0-301F-11D3-BF4B-00C04F79EFBC}") = "TiMakWinApp", "TiMakWinApp.csproj", "{1DDF712E-9881-4FA6-BF02-50B662C86A11}"
EndProject
Global
	GlobalSection(SolutionConfigurationPlatforms) = preSolution
		Debug|Any CPU = Debug|Any CPU
		Release|Any CPU = Release|Any CPU
	EndGlobalSection
	GlobalSection(ProjectConfigurationPlatforms) = postSolution
		{1DDF712E-9881-4FA6-BF02-50B662C86A11}.Debug|Any CPU.ActiveCfg = Debug|Any CPU
		{1DDF712E-9881-4FA6-BF02-50B662C86A11}.Debug|Any CPU.Build.0 = Debug|Any CPU
		{1DDF712E-9881-4FA6-BF02-50B662C86A11}.Release|Any CPU.ActiveCfg = Release|Any CPU
		{1DDF712E-9881-4FA6-BF02-50B662C86A11}.Release|Any CPU.Build.0 = Release|Any CPU
	EndGlobalSection
	GlobalSection(SolutionProperties) = preSolution
		HideSolutionNode = FALSE
	EndGlobalSection
	GlobalSection(ExtensibilityGlobals) = postSolution
		SolutionGuid = {F8F91C81-34BE-4469-A5DB-D6BA1D4E1F37}
	EndGlobalSection
EndGlobal
